
Microsoft Visual Studio Solution File, Format Version 12.00
# Visual Studio Version 16
VisualStudioVersion = 16.0.29509.3
MinimumVisualStudioVersion = 10.0.40219.1
Project("{FAE04EC0-301F-11D3-BF4B-00C04F79EFBC}") = "ZooStore", "ZooStore\ZooStore.csproj", "{BB59EEB4-A234-409E-AC5D-33F3E73315F5}"
EndProject
Global
	GlobalSection(SolutionConfigurationPlatforms) = preSolution
		Debug|Any CPU = Debug|Any CPU
		Release|Any CPU = Release|Any CPU
	EndGlobalSection
	GlobalSection(ProjectConfigurationPlatforms) = postSolution
		{BB59EEB4-A234-409E-AC5D-33F3E73315F5}.Debug|Any CPU.ActiveCfg = Debug|Any CPU
		{BB59EEB4-A234-409E-AC5D-33F3E73315F5}.Debug|Any CPU.Build.0 = Debug|Any CPU
		{BB59EEB4-A234-409E-AC5D-33F3E73315F5}.Release|Any CPU.ActiveCfg = Release|Any CPU
		{BB59EEB4-A234-409E-AC5D-33F3E73315F5}.Release|Any CPU.Build.0 = Release|Any CPU
	EndGlobalSection
	GlobalSection(SolutionProperties) = preSolution
		HideSolutionNode = FALSE
	EndGlobalSection
	GlobalSection(ExtensibilityGlobals) = postSolution
		SolutionGuid = {C6F9E92A-65B0-420B-A070-01C6078DFEF9}
	EndGlobalSection
EndGlobal
